
Microsoft Visual Studio Solution File, Format Version 12.00
# Visual Studio Version 17
VisualStudioVersion = 17.6.33712.159
MinimumVisualStudioVersion = 10.0.40219.1
Project("{FAE04EC0-301F-11D3-BF4B-00C04F79EFBC}") = "MagicVilla_VillaAPI", "MagicVilla_VillaAPI\MagicVilla_VillaAPI.csproj", "{A1D28E3D-3B35-4FFF-B5A3-3982C52B5515}"
EndProject
Global
	GlobalSection(SolutionConfigurationPlatforms) = preSolution
		Debug|Any CPU = Debug|Any CPU
		Release|Any CPU = Release|Any CPU
	EndGlobalSection
	GlobalSection(ProjectConfigurationPlatforms) = postSolution
		{A1D28E3D-3B35-4FFF-B5A3-3982C52B5515}.Debug|Any CPU.ActiveCfg = Debug|Any CPU
		{A1D28E3D-3B35-4FFF-B5A3-3982C52B5515}.Debug|Any CPU.Build.0 = Debug|Any CPU
		{A1D28E3D-3B35-4FFF-B5A3-3982C52B5515}.Release|Any CPU.ActiveCfg = Release|Any CPU
		{A1D28E3D-3B35-4FFF-B5A3-3982C52B5515}.Release|Any CPU.Build.0 = Release|Any CPU
	EndGlobalSection
	GlobalSection(SolutionProperties) = preSolution
		HideSolutionNode = FALSE
	EndGlobalSection
	GlobalSection(ExtensibilityGlobals) = postSolution
		SolutionGuid = {5ECE6791-3805-4B93-95FD-202991130B7D}
	EndGlobalSection
EndGlobal
